
Microsoft Visual Studio Solution File, Format Version 12.00
# Visual Studio Version 16
VisualStudioVersion = 16.0.30611.23
MinimumVisualStudioVersion = 10.0.40219.1
Project("{8BC9CEB8-8B4A-11D0-8D11-00A0C91BC942}") = "Minesweeper", "Minesweeper\Minesweeper.vcxproj", "{196147FC-8524-4FEF-9E64-0817F90F5838}"
EndProject
Global
	GlobalSection(SolutionConfigurationPlatforms) = preSolution
		Debug|x64 = Debug|x64
		Debug|x86 = Debug|x86
		Release|x64 = Release|x64
		Release|x86 = Release|x86
	EndGlobalSection
	GlobalSection(ProjectConfigurationPlatforms) = postSolution
		{196147FC-8524-4FEF-9E64-0817F90F5838}.Debug|x64.ActiveCfg = Debug|x64
		{196147FC-8524-4FEF-9E64-0817F90F5838}.Debug|x64.Build.0 = Debug|x64
		{196147FC-8524-4FEF-9E64-0817F90F5838}.Debug|x86.ActiveCfg = Debug|Win32
		{196147FC-8524-4FEF-9E64-0817F90F5838}.Debug|x86.Build.0 = Debug|Win32
		{196147FC-8524-4FEF-9E64-0817F90F5838}.Release|x64.ActiveCfg = Release|x64
		{196147FC-8524-4FEF-9E64-0817F90F5838}.Release|x64.Build.0 = Release|x64
		{196147FC-8524-4FEF-9E64-0817F90F5838}.Release|x86.ActiveCfg = Release|Win32
		{196147FC-8524-4FEF-9E64-0817F90F5838}.Release|x86.Build.0 = Release|Win32
	EndGlobalSection
	GlobalSection(SolutionProperties) = preSolution
		HideSolutionNode = FALSE
	EndGlobalSection
	GlobalSection(ExtensibilityGlobals) = postSolution
		SolutionGuid = {03A21EC8-63E1-49B3-81EF-5AF8713B0C9A}
	EndGlobalSection
EndGlobal
